// !$*UTF8*$!
{
	archiveVersion = 1;
	classes = {
	};
	objectVersion = 70;
	objects = {

/* Begin PBXBuildFile section */
		04159B792F5C945A00752ADC /* SVGPathParser.swift in Sources */ = {isa = PBXBuildFile; fileRef = 04159B782F5C945A00752ADC /* SVGPathParser.swift */; };
		04159B7B2F5CAE2500752ADC /* Array.swift in Sources */ = {isa = PBXBuildFile; fileRef = 04159B7A2F5CAE2500752ADC /* Array.swift */; };
		0441C9DC2EA0458A007B4243 /* Fourier.icon in Resources */ = {isa = PBXBuildFile; fileRef = 0441C9DB2EA0458A007B4243 /* Fourier.icon */; };
		049BDA1A2C4E79DA00652F71 /* VectorPlus in Frameworks */ = {isa = PBXBuildFile; productRef = 049BDA192C4E79DA00652F71 /* VectorPlus */; };
		049BDA252C4E85A300652F71 /* ExampleFile.swift in Sources */ = {isa = PBXBuildFile; fileRef = 049BDA242C4E85A300652F71 /* ExampleFile.swift */; };
		04A6557F293D24450084CC6A /* Collection.swift in Sources */ = {isa = PBXBuildFile; fileRef = 04A6557E293D24450084CC6A /* Collection.swift */; };
		04B5F38A2938C1AE0088A0D9 /* Int.swift in Sources */ = {isa = PBXBuildFile; fileRef = 04B5F3892938C1AE0088A0D9 /* Int.swift */; };
		04B5F3B9293965F60088A0D9 /* CGPath.swift in Sources */ = {isa = PBXBuildFile; fileRef = 04B5F3B8293965F60088A0D9 /* CGPath.swift */; };
		04BA916026DB9FE600014C93 /* Model.swift in Sources */ = {isa = PBXBuildFile; fileRef = 04BA915F26DB9FE600014C93 /* Model.swift */; };
		04BA916626DBFB4400014C93 /* Fourier.swift in Sources */ = {isa = PBXBuildFile; fileRef = 04BA916526DBFB4400014C93 /* Fourier.swift */; };
		04BA916926DC008900014C93 /* ComplexModule in Frameworks */ = {isa = PBXBuildFile; productRef = 04BA916826DC008900014C93 /* ComplexModule */; };
		04E6181E2F5B558F0019EE9B /* EpicycleView.swift in Sources */ = {isa = PBXBuildFile; fileRef = 04E6181D2F5B558F0019EE9B /* EpicycleView.swift */; };
		04E618202F5B96BD0019EE9B /* Speed.swift in Sources */ = {isa = PBXBuildFile; fileRef = 04E6181F2F5B96BD0019EE9B /* Speed.swift */; };
		04E618262F5BA22D0019EE9B /* EpicycleFrame.swift in Sources */ = {isa = PBXBuildFile; fileRef = 04E618252F5BA22D0019EE9B /* EpicycleFrame.swift */; };
		04E6182C2F5BB02D0019EE9B /* ContentView.swift in Sources */ = {isa = PBXBuildFile; fileRef = 04E6182B2F5BB02D0019EE9B /* ContentView.swift */; };
		04FCE2D226D5046F001D1BE8 /* App.swift in Sources */ = {isa = PBXBuildFile; fileRef = 04FCE2D126D5046F001D1BE8 /* App.swift */; };
		04FCE2D626D50470001D1BE8 /* Assets.xcassets in Resources */ = {isa = PBXBuildFile; fileRef = 04FCE2D526D50470001D1BE8 /* Assets.xcassets */; };
/* End PBXBuildFile section */

/* Begin PBXFileReference section */
		04159B782F5C945A00752ADC /* SVGPathParser.swift */ = {isa = PBXFileReference; lastKnownFileType = sourcecode.swift; path = SVGPathParser.swift; sourceTree = "<group>"; };
		04159B7A2F5CAE2500752ADC /* Array.swift */ = {isa = PBXFileReference; lastKnownFileType = sourcecode.swift; path = Array.swift; sourceTree = "<group>"; };
		0441C9DB2EA0458A007B4243 /* Fourier.icon */ = {isa = PBXFileReference; lastKnownFileType = folder.iconcomposer.icon; path = Fourier.icon; sourceTree = "<group>"; };
		049BDA242C4E85A300652F71 /* ExampleFile.swift */ = {isa = PBXFileReference; lastKnownFileType = sourcecode.swift; path = ExampleFile.swift; sourceTree = "<group>"; };
		04A6557E293D24450084CC6A /* Collection.swift */ = {isa = PBXFileReference; lastKnownFileType = sourcecode.swift; path = Collection.swift; sourceTree = "<group>"; };
		04B5F3892938C1AE0088A0D9 /* Int.swift */ = {isa = PBXFileReference; fileEncoding = 4; lastKnownFileType = sourcecode.swift; path = Int.swift; sourceTree = "<group>"; };
		04B5F3B8293965F60088A0D9 /* CGPath.swift */ = {isa = PBXFileReference; lastKnownFileType = sourcecode.swift; path = CGPath.swift; sourceTree = "<group>"; };
		04BA915F26DB9FE600014C93 /* Model.swift */ = {isa = PBXFileReference; lastKnownFileType = sourcecode.swift; path = Model.swift; sourceTree = "<group>"; };
		04BA916526DBFB4400014C93 /* Fourier.swift */ = {isa = PBXFileReference; lastKnownFileType = sourcecode.swift; path = Fourier.swift; sourceTree = "<group>"; };
		04E6181D2F5B558F0019EE9B /* EpicycleView.swift */ = {isa = PBXFileReference; lastKnownFileType = sourcecode.swift; path = EpicycleView.swift; sourceTree = "<group>"; };
		04E6181F2F5B96BD0019EE9B /* Speed.swift */ = {isa = PBXFileReference; lastKnownFileType = sourcecode.swift; path = Speed.swift; sourceTree = "<group>"; };
		04E618252F5BA22D0019EE9B /* EpicycleFrame.swift */ = {isa = PBXFileReference; lastKnownFileType = sourcecode.swift; path = EpicycleFrame.swift; sourceTree = "<group>"; };
		04E6182B2F5BB02D0019EE9B /* ContentView.swift */ = {isa = PBXFileReference; lastKnownFileType = sourcecode.swift; path = ContentView.swift; sourceTree = "<group>"; };
		04FCE2CE26D5046F001D1BE8 /* Fourier.app */ = {isa = PBXFileReference; explicitFileType = wrapper.application; includeInIndex = 0; path = Fourier.app; sourceTree = BUILT_PRODUCTS_DIR; };
		04FCE2D126D5046F001D1BE8 /* App.swift */ = {isa = PBXFileReference; lastKnownFileType = sourcecode.swift; path = App.swift; sourceTree = "<group>"; };
		04FCE2D526D50470001D1BE8 /* Assets.xcassets */ = {isa = PBXFileReference; lastKnownFileType = folder.assetcatalog; path = Assets.xcassets; sourceTree = "<group>"; };
		04FCE2DA26D50470001D1BE8 /* Info.plist */ = {isa = PBXFileReference; lastKnownFileType = text.plist.xml; path = Info.plist; sourceTree = "<group>"; };
/* End PBXFileReference section */

/* Begin PBXFileSystemSynchronizedRootGroup section */
		04159B732F5C899600752ADC /* Examples */ = {isa = PBXFileSystemSynchronizedRootGroup; explicitFileTypes = {}; explicitFolders = (); path = Examples; sourceTree = "<group>"; };
/* End PBXFileSystemSynchronizedRootGroup section */

/* Begin PBXFrameworksBuildPhase section */
		04FCE2CB26D5046F001D1BE8 /* Frameworks */ = {
			isa = PBXFrameworksBuildPhase;
			buildActionMask = 2147483647;
			files = (
				04BA916926DC008900014C93 /* ComplexModule in Frameworks */,
				049BDA1A2C4E79DA00652F71 /* VectorPlus in Frameworks */,
			);
			runOnlyForDeploymentPostprocessing = 0;
		};
/* End PBXFrameworksBuildPhase section */

/* Begin PBXGroup section */
		049BDA1D2C4E855E00652F71 /* Models */ = {
			isa = PBXGroup;
			children = (
				04159B782F5C945A00752ADC /* SVGPathParser.swift */,
				049BDA242C4E85A300652F71 /* ExampleFile.swift */,
				04BA916526DBFB4400014C93 /* Fourier.swift */,
				04BA915F26DB9FE600014C93 /* Model.swift */,
				04E6181F2F5B96BD0019EE9B /* Speed.swift */,
			);
			path = Models;
			sourceTree = "<group>";
		};
		04A65580293D436E0084CC6A /* Extensions */ = {
			isa = PBXGroup;
			children = (
				04159B7A2F5CAE2500752ADC /* Array.swift */,
				04B5F3B8293965F60088A0D9 /* CGPath.swift */,
				04A6557E293D24450084CC6A /* Collection.swift */,
				04B5F3892938C1AE0088A0D9 /* Int.swift */,
			);
			path = Extensions;
			sourceTree = "<group>";
		};
		04B5F3882938BBA70088A0D9 /* Resources */ = {
			isa = PBXGroup;
			children = (
				0441C9DB2EA0458A007B4243 /* Fourier.icon */,
				04FCE2D526D50470001D1BE8 /* Assets.xcassets */,
				04159B732F5C899600752ADC /* Examples */,
				04FCE2DA26D50470001D1BE8 /* Info.plist */,
			);
			path = Resources;
			sourceTree = "<group>";
		};
		04E6182D2F5BB0390019EE9B /* Views */ = {
			isa = PBXGroup;
			children = (
				04FCE2D126D5046F001D1BE8 /* App.swift */,
				04E6182B2F5BB02D0019EE9B /* ContentView.swift */,
				04E6181D2F5B558F0019EE9B /* EpicycleView.swift */,
				04E618252F5BA22D0019EE9B /* EpicycleFrame.swift */,
			);
			path = Views;
			sourceTree = "<group>";
		};
		04FCE2C526D5046F001D1BE8 = {
			isa = PBXGroup;
			children = (
				04FCE2D026D5046F001D1BE8 /* Fourier */,
				04FCE2CF26D5046F001D1BE8 /* Products */,
			);
			sourceTree = "<group>";
		};
		04FCE2CF26D5046F001D1BE8 /* Products */ = {
			isa = PBXGroup;
			children = (
				04FCE2CE26D5046F001D1BE8 /* Fourier.app */,
			);
			name = Products;
			sourceTree = "<group>";
		};
		04FCE2D026D5046F001D1BE8 /* Fourier */ = {
			isa = PBXGroup;
			children = (
				04A65580293D436E0084CC6A /* Extensions */,
				049BDA1D2C4E855E00652F71 /* Models */,
				04B5F3882938BBA70088A0D9 /* Resources */,
				04E6182D2F5BB0390019EE9B /* Views */,
			);
			path = Fourier;
			sourceTree = "<group>";
		};
/* End PBXGroup section */

/* Begin PBXNativeTarget section */
		04FCE2CD26D5046F001D1BE8 /* Fourier */ = {
			isa = PBXNativeTarget;
			buildConfigurationList = 04FCE2DD26D50470001D1BE8 /* Build configuration list for PBXNativeTarget "Fourier" */;
			buildPhases = (
				04FCE2CA26D5046F001D1BE8 /* Sources */,
				04FCE2CB26D5046F001D1BE8 /* Frameworks */,
				04FCE2CC26D5046F001D1BE8 /* Resources */,
			);
			buildRules = (
			);
			dependencies = (
			);
			fileSystemSynchronizedGroups = (
				04159B732F5C899600752ADC /* Examples */,
			);
			name = Fourier;
			packageProductDependencies = (
				04BA916826DC008900014C93 /* ComplexModule */,
				049BDA192C4E79DA00652F71 /* VectorPlus */,
			);
			productName = Fourier;
			productReference = 04FCE2CE26D5046F001D1BE8 /* Fourier.app */;
			productType = "com.apple.product-type.application";
		};
/* End PBXNativeTarget section */

/* Begin PBXProject section */
		04FCE2C626D5046F001D1BE8 /* Project object */ = {
			isa = PBXProject;
			attributes = {
				BuildIndependentTargetsInParallel = YES;
				LastSwiftUpdateCheck = 1250;
				LastUpgradeCheck = 2600;
				TargetAttributes = {
					04FCE2CD26D5046F001D1BE8 = {
						CreatedOnToolsVersion = 12.5.1;
					};
				};
			};
			buildConfigurationList = 04FCE2C926D5046F001D1BE8 /* Build configuration list for PBXProject "Fourier" */;
			compatibilityVersion = "Xcode 9.3";
			developmentRegion = en;
			hasScannedForEncodings = 0;
			knownRegions = (
				en,
				Base,
			);
			mainGroup = 04FCE2C526D5046F001D1BE8;
			packageReferences = (
				04BA916726DC008800014C93 /* XCRemoteSwiftPackageReference "swift-numerics" */,
				049BDA182C4E79DA00652F71 /* XCRemoteSwiftPackageReference "VectorPlus" */,
			);
			productRefGroup = 04FCE2CF26D5046F001D1BE8 /* Products */;
			projectDirPath = "";
			projectRoot = "";
			targets = (
				04FCE2CD26D5046F001D1BE8 /* Fourier */,
			);
		};
/* End PBXProject section */

/* Begin PBXResourcesBuildPhase section */
		04FCE2CC26D5046F001D1BE8 /* Resources */ = {
			isa = PBXResourcesBuildPhase;
			buildActionMask = 2147483647;
			files = (
				04FCE2D626D50470001D1BE8 /* Assets.xcassets in Resources */,
				0441C9DC2EA0458A007B4243 /* Fourier.icon in Resources */,
			);
			runOnlyForDeploymentPostprocessing = 0;
		};
/* End PBXResourcesBuildPhase section */

/* Begin PBXSourcesBuildPhase section */
		04FCE2CA26D5046F001D1BE8 /* Sources */ = {
			isa = PBXSourcesBuildPhase;
			buildActionMask = 2147483647;
			files = (
				04BA916026DB9FE600014C93 /* Model.swift in Sources */,
				04FCE2D226D5046F001D1BE8 /* App.swift in Sources */,
				04E618262F5BA22D0019EE9B /* EpicycleFrame.swift in Sources */,
				04E6181E2F5B558F0019EE9B /* EpicycleView.swift in Sources */,
				04E618202F5B96BD0019EE9B /* Speed.swift in Sources */,
				049BDA252C4E85A300652F71 /* ExampleFile.swift in Sources */,
				04A6557F293D24450084CC6A /* Collection.swift in Sources */,
				04B5F3B9293965F60088A0D9 /* CGPath.swift in Sources */,
				04159B792F5C945A00752ADC /* SVGPathParser.swift in Sources */,
				04E6182C2F5BB02D0019EE9B /* ContentView.swift in Sources */,
				04159B7B2F5CAE2500752ADC /* Array.swift in Sources */,
				04BA916626DBFB4400014C93 /* Fourier.swift in Sources */,
				04B5F38A2938C1AE0088A0D9 /* Int.swift in Sources */,
			);
			runOnlyForDeploymentPostprocessing = 0;
		};
/* End PBXSourcesBuildPhase section */

/* Begin XCBuildConfiguration section */
		04FCE2DB26D50470001D1BE8 /* Debug */ = {
			isa = XCBuildConfiguration;
			buildSettings = {
				ALWAYS_SEARCH_USER_PATHS = NO;
				ASSETCATALOG_COMPILER_GENERATE_SWIFT_ASSET_SYMBOL_EXTENSIONS = YES;
				CLANG_ANALYZER_NONNULL = YES;
				CLANG_ANALYZER_NUMBER_OBJECT_CONVERSION = YES_AGGRESSIVE;
				CLANG_CXX_LANGUAGE_STANDARD = "gnu++14";
				CLANG_CXX_LIBRARY = "libc++";
				CLANG_ENABLE_MODULES = YES;
				CLANG_ENABLE_OBJC_ARC = YES;
				CLANG_ENABLE_OBJC_WEAK = YES;
				CLANG_WARN_BLOCK_CAPTURE_AUTORELEASING = YES;
				CLANG_WARN_BOOL_CONVERSION = YES;
				CLANG_WARN_COMMA = YES;
				CLANG_WARN_CONSTANT_CONVERSION = YES;
				CLANG_WARN_DEPRECATED_OBJC_IMPLEMENTATIONS = YES;
				CLANG_WARN_DIRECT_OBJC_ISA_USAGE = YES_ERROR;
				CLANG_WARN_DOCUMENTATION_COMMENTS = YES;
				CLANG_WARN_EMPTY_BODY = YES;
				CLANG_WARN_ENUM_CONVERSION = YES;
				CLANG_WARN_INFINITE_RECURSION = YES;
				CLANG_WARN_INT_CONVERSION = YES;
				CLANG_WARN_NON_LITERAL_NULL_CONVERSION = YES;
				CLANG_WARN_OBJC_IMPLICIT_RETAIN_SELF = YES;
				CLANG_WARN_OBJC_LITERAL_CONVERSION = YES;
				CLANG_WARN_OBJC_ROOT_CLASS = YES_ERROR;
				CLANG_WARN_QUOTED_INCLUDE_IN_FRAMEWORK_HEADER = YES;
				CLANG_WARN_RANGE_LOOP_ANALYSIS = YES;
				CLANG_WARN_STRICT_PROTOTYPES = YES;
				CLANG_WARN_SUSPICIOUS_MOVE = YES;
				CLANG_WARN_UNGUARDED_AVAILABILITY = YES_AGGRESSIVE;
				CLANG_WARN_UNREACHABLE_CODE = YES;
				CLANG_WARN__DUPLICATE_METHOD_MATCH = YES;
				COPY_PHASE_STRIP = NO;
				DEBUG_INFORMATION_FORMAT = dwarf;
				DEVELOPMENT_TEAM = 4CQW4CFFYT;
				ENABLE_STRICT_OBJC_MSGSEND = YES;
				ENABLE_TESTABILITY = YES;
				ENABLE_USER_SCRIPT_SANDBOXING = YES;
				GCC_C_LANGUAGE_STANDARD = gnu11;
				GCC_DYNAMIC_NO_PIC = NO;
				GCC_NO_COMMON_BLOCKS = YES;
				GCC_OPTIMIZATION_LEVEL = 0;
				GCC_PREPROCESSOR_DEFINITIONS = (
					"DEBUG=1",
					"$(inherited)",
				);
				GCC_WARN_64_TO_32_BIT_CONVERSION = YES;
				GCC_WARN_ABOUT_RETURN_TYPE = YES_ERROR;
				GCC_WARN_UNDECLARED_SELECTOR = YES;
				GCC_WARN_UNINITIALIZED_AUTOS = YES_AGGRESSIVE;
				GCC_WARN_UNUSED_FUNCTION = YES;
				GCC_WARN_UNUSED_VARIABLE = YES;
				IPHONEOS_DEPLOYMENT_TARGET = 16.0;
				MTL_ENABLE_DEBUG_INFO = INCLUDE_SOURCE;
				MTL_FAST_MATH = YES;
				ONLY_ACTIVE_ARCH = YES;
				SDKROOT = iphoneos;
				STRING_CATALOG_GENERATE_SYMBOLS = YES;
				SWIFT_ACTIVE_COMPILATION_CONDITIONS = DEBUG;
				SWIFT_OPTIMIZATION_LEVEL = "-Onone";
			};
			name = Debug;
		};
		04FCE2DC26D50470001D1BE8 /* Release */ = {
			isa = XCBuildConfiguration;
			buildSettings = {
				ALWAYS_SEARCH_USER_PATHS = NO;
				ASSETCATALOG_COMPILER_GENERATE_SWIFT_ASSET_SYMBOL_EXTENSIONS = YES;
				CLANG_ANALYZER_NONNULL = YES;
				CLANG_ANALYZER_NUMBER_OBJECT_CONVERSION = YES_AGGRESSIVE;
				CLANG_CXX_LANGUAGE_STANDARD = "gnu++14";
				CLANG_CXX_LIBRARY = "libc++";
				CLANG_ENABLE_MODULES = YES;
				CLANG_ENABLE_OBJC_ARC = YES;
				CLANG_ENABLE_OBJC_WEAK = YES;
				CLANG_WARN_BLOCK_CAPTURE_AUTORELEASING = YES;
				CLANG_WARN_BOOL_CONVERSION = YES;
				CLANG_WARN_COMMA = YES;
				CLANG_WARN_CONSTANT_CONVERSION = YES;
				CLANG_WARN_DEPRECATED_OBJC_IMPLEMENTATIONS = YES;
				CLANG_WARN_DIRECT_OBJC_ISA_USAGE = YES_ERROR;
				CLANG_WARN_DOCUMENTATION_COMMENTS = YES;
				CLANG_WARN_EMPTY_BODY = YES;
				CLANG_WARN_ENUM_CONVERSION = YES;
				CLANG_WARN_INFINITE_RECURSION = YES;
				CLANG_WARN_INT_CONVERSION = YES;
				CLANG_WARN_NON_LITERAL_NULL_CONVERSION = YES;
				CLANG_WARN_OBJC_IMPLICIT_RETAIN_SELF = YES;
				CLANG_WARN_OBJC_LITERAL_CONVERSION = YES;
				CLANG_WARN_OBJC_ROOT_CLASS = YES_ERROR;
				CLANG_WARN_QUOTED_INCLUDE_IN_FRAMEWORK_HEADER = YES;
				CLANG_WARN_RANGE_LOOP_ANALYSIS = YES;
				CLANG_WARN_STRICT_PROTOTYPES = YES;
				CLANG_WARN_SUSPICIOUS_MOVE = YES;
				CLANG_WARN_UNGUARDED_AVAILABILITY = YES_AGGRESSIVE;
				CLANG_WARN_UNREACHABLE_CODE = YES;
				CLANG_WARN__DUPLICATE_METHOD_MATCH = YES;
				COPY_PHASE_STRIP = NO;
				DEBUG_INFORMATION_FORMAT = "dwarf-with-dsym";
				DEVELOPMENT_TEAM = 4CQW4CFFYT;
				ENABLE_NS_ASSERTIONS = NO;
				ENABLE_STRICT_OBJC_MSGSEND = YES;
				ENABLE_USER_SCRIPT_SANDBOXING = YES;
				GCC_C_LANGUAGE_STANDARD = gnu11;
				GCC_NO_COMMON_BLOCKS = YES;
				GCC_WARN_64_TO_32_BIT_CONVERSION = YES;
				GCC_WARN_ABOUT_RETURN_TYPE = YES_ERROR;
				GCC_WARN_UNDECLARED_SELECTOR = YES;
				GCC_WARN_UNINITIALIZED_AUTOS = YES_AGGRESSIVE;
				GCC_WARN_UNUSED_FUNCTION = YES;
				GCC_WARN_UNUSED_VARIABLE = YES;
				IPHONEOS_DEPLOYMENT_TARGET = 16.0;
				MTL_ENABLE_DEBUG_INFO = NO;
				MTL_FAST_MATH = YES;
				SDKROOT = iphoneos;
				STRING_CATALOG_GENERATE_SYMBOLS = YES;
				SWIFT_COMPILATION_MODE = wholemodule;
				SWIFT_OPTIMIZATION_LEVEL = "-O";
				VALIDATE_PRODUCT = YES;
			};
			name = Release;
		};
		04FCE2DE26D50470001D1BE8 /* Debug */ = {
			isa = XCBuildConfiguration;
			buildSettings = {
				ASSETCATALOG_COMPILER_APPICON_NAME = Fourier;
				ASSETCATALOG_COMPILER_GLOBAL_ACCENT_COLOR_NAME = AccentColor;
				CODE_SIGN_ENTITLEMENTS = "";
				CODE_SIGN_STYLE = Automatic;
				CURRENT_PROJECT_VERSION = 1;
				DEVELOPMENT_ASSET_PATHS = "";
				ENABLE_PREVIEWS = YES;
				INFOPLIST_FILE = Fourier/Resources/Info.plist;
				INFOPLIST_KEY_CFBundleDisplayName = Fourier;
				INFOPLIST_KEY_LSApplicationCategoryType = "public.app-category.graphics-design";
				IPHONEOS_DEPLOYMENT_TARGET = 26.0;
				LD_RUNPATH_SEARCH_PATHS = (
					"$(inherited)",
					"@executable_path/Frameworks",
				);
				MARKETING_VERSION = 2.2;
				PRODUCT_BUNDLE_IDENTIFIER = JackFinnis.Fourier;
				PRODUCT_NAME = "$(TARGET_NAME)";
				SUPPORTED_PLATFORMS = "iphoneos iphonesimulator";
				SUPPORTS_MACCATALYST = NO;
				SUPPORTS_MAC_DESIGNED_FOR_IPHONE_IPAD = YES;
				SUPPORTS_XR_DESIGNED_FOR_IPHONE_IPAD = YES;
				SWIFT_VERSION = 6.0;
				TARGETED_DEVICE_FAMILY = "1,2";
			};
			name = Debug;
		};
		04FCE2DF26D50470001D1BE8 /* Release */ = {
			isa = XCBuildConfiguration;
			buildSettings = {
				ASSETCATALOG_COMPILER_APPICON_NAME = Fourier;
				ASSETCATALOG_COMPILER_GLOBAL_ACCENT_COLOR_NAME = AccentColor;
				CODE_SIGN_ENTITLEMENTS = "";
				CODE_SIGN_STYLE = Automatic;
				CURRENT_PROJECT_VERSION = 1;
				DEVELOPMENT_ASSET_PATHS = "";
				ENABLE_PREVIEWS = YES;
				INFOPLIST_FILE = Fourier/Resources/Info.plist;
				INFOPLIST_KEY_CFBundleDisplayName = Fourier;
				INFOPLIST_KEY_LSApplicationCategoryType = "public.app-category.graphics-design";
				IPHONEOS_DEPLOYMENT_TARGET = 26.0;
				LD_RUNPATH_SEARCH_PATHS = (
					"$(inherited)",
					"@executable_path/Frameworks",
				);
				MARKETING_VERSION = 2.2;
				PRODUCT_BUNDLE_IDENTIFIER = JackFinnis.Fourier;
				PRODUCT_NAME = "$(TARGET_NAME)";
				SUPPORTED_PLATFORMS = "iphoneos iphonesimulator";
				SUPPORTS_MACCATALYST = NO;
				SUPPORTS_MAC_DESIGNED_FOR_IPHONE_IPAD = YES;
				SUPPORTS_XR_DESIGNED_FOR_IPHONE_IPAD = YES;
				SWIFT_VERSION = 6.0;
				TARGETED_DEVICE_FAMILY = "1,2";
			};
			name = Release;
		};
/* End XCBuildConfiguration section */

/* Begin XCConfigurationList section */
		04FCE2C926D5046F001D1BE8 /* Build configuration list for PBXProject "Fourier" */ = {
			isa = XCConfigurationList;
			buildConfigurations = (
				04FCE2DB26D50470001D1BE8 /* Debug */,
				04FCE2DC26D50470001D1BE8 /* Release */,
			);
			defaultConfigurationIsVisible = 0;
			defaultConfigurationName = Release;
		};
		04FCE2DD26D50470001D1BE8 /* Build configuration list for PBXNativeTarget "Fourier" */ = {
			isa = XCConfigurationList;
			buildConfigurations = (
				04FCE2DE26D50470001D1BE8 /* Debug */,
				04FCE2DF26D50470001D1BE8 /* Release */,
			);
			defaultConfigurationIsVisible = 0;
			defaultConfigurationName = Release;
		};
/* End XCConfigurationList section */

/* Begin XCRemoteSwiftPackageReference section */
		049BDA182C4E79DA00652F71 /* XCRemoteSwiftPackageReference "VectorPlus" */ = {
			isa = XCRemoteSwiftPackageReference;
			repositoryURL = "https://github.com/richardpiazza/VectorPlus";
			requirement = {
				kind = upToNextMajorVersion;
				minimumVersion = 0.3.0;
			};
		};
		04BA916726DC008800014C93 /* XCRemoteSwiftPackageReference "swift-numerics" */ = {
			isa = XCRemoteSwiftPackageReference;
			repositoryURL = "https://github.com/apple/swift-numerics";
			requirement = {
				kind = upToNextMajorVersion;
				minimumVersion = 0.1.0;
			};
		};
/* End XCRemoteSwiftPackageReference section */

/* Begin XCSwiftPackageProductDependency section */
		049BDA192C4E79DA00652F71 /* VectorPlus */ = {
			isa = XCSwiftPackageProductDependency;
			package = 049BDA182C4E79DA00652F71 /* XCRemoteSwiftPackageReference "VectorPlus" */;
			productName = VectorPlus;
		};
		04BA916826DC008900014C93 /* ComplexModule */ = {
			isa = XCSwiftPackageProductDependency;
			package = 04BA916726DC008800014C93 /* XCRemoteSwiftPackageReference "swift-numerics" */;
			productName = ComplexModule;
		};
/* End XCSwiftPackageProductDependency section */
	};
	rootObject = 04FCE2C626D5046F001D1BE8 /* Project object */;
}
