// !$*UTF8*$!
{
	archiveVersion = 1;
	classes = {
	};
	objectVersion = 54;
	objects = {

/* Begin PBXBuildFile section */
		046203B52C2397C400AB6BD9 /* Constants.swift in Sources */ = {isa = PBXBuildFile; fileRef = 046203B42C2397C400AB6BD9 /* Constants.swift */; };
		046203B72C23A7EC00AB6BD9 /* pi.svg in Resources */ = {isa = PBXBuildFile; fileRef = 046203B62C23A7EC00AB6BD9 /* pi.svg */; };
		049BDA1A2C4E79DA00652F71 /* VectorPlus in Frameworks */ = {isa = PBXBuildFile; productRef = 049BDA192C4E79DA00652F71 /* VectorPlus */; };
		049BDA1F2C4E856A00652F71 /* ContentView.swift in Sources */ = {isa = PBXBuildFile; fileRef = 049BDA1E2C4E856A00652F71 /* ContentView.swift */; };
		049BDA232C4E859100652F71 /* PathRenderer.swift in Sources */ = {isa = PBXBuildFile; fileRef = 049BDA222C4E859100652F71 /* PathRenderer.swift */; };
		049BDA252C4E85A300652F71 /* ExampleFile.swift in Sources */ = {isa = PBXBuildFile; fileRef = 049BDA242C4E85A300652F71 /* ExampleFile.swift */; };
		04A6557F293D24450084CC6A /* Collection.swift in Sources */ = {isa = PBXBuildFile; fileRef = 04A6557E293D24450084CC6A /* Collection.swift */; };
		04B5F38A2938C1AE0088A0D9 /* Int.swift in Sources */ = {isa = PBXBuildFile; fileRef = 04B5F3892938C1AE0088A0D9 /* Int.swift */; };
		04B5F3B9293965F60088A0D9 /* CGPath.swift in Sources */ = {isa = PBXBuildFile; fileRef = 04B5F3B8293965F60088A0D9 /* CGPath.swift */; };
		04B5F3BB293A16520088A0D9 /* fourier.svg in Resources */ = {isa = PBXBuildFile; fileRef = 04B5F3BA293A16520088A0D9 /* fourier.svg */; };
		04BA916026DB9FE600014C93 /* Model.swift in Sources */ = {isa = PBXBuildFile; fileRef = 04BA915F26DB9FE600014C93 /* Model.swift */; };
		04BA916626DBFB4400014C93 /* Fourier.swift in Sources */ = {isa = PBXBuildFile; fileRef = 04BA916526DBFB4400014C93 /* Fourier.swift */; };
		04BA916926DC008900014C93 /* ComplexModule in Frameworks */ = {isa = PBXBuildFile; productRef = 04BA916826DC008900014C93 /* ComplexModule */; };
		04FCE2D226D5046F001D1BE8 /* App.swift in Sources */ = {isa = PBXBuildFile; fileRef = 04FCE2D126D5046F001D1BE8 /* App.swift */; };
		04FCE2D626D50470001D1BE8 /* Assets.xcassets in Resources */ = {isa = PBXBuildFile; fileRef = 04FCE2D526D50470001D1BE8 /* Assets.xcassets */; };
/* End PBXBuildFile section */

/* Begin PBXFileReference section */
		046203B42C2397C400AB6BD9 /* Constants.swift */ = {isa = PBXFileReference; lastKnownFileType = sourcecode.swift; path = Constants.swift; sourceTree = "<group>"; };
		046203B62C23A7EC00AB6BD9 /* pi.svg */ = {isa = PBXFileReference; fileEncoding = 4; lastKnownFileType = text.xml; path = pi.svg; sourceTree = "<group>"; };
		049BDA1E2C4E856A00652F71 /* ContentView.swift */ = {isa = PBXFileReference; lastKnownFileType = sourcecode.swift; path = ContentView.swift; sourceTree = "<group>"; };
		049BDA222C4E859100652F71 /* PathRenderer.swift */ = {isa = PBXFileReference; lastKnownFileType = sourcecode.swift; path = PathRenderer.swift; sourceTree = "<group>"; };
		049BDA242C4E85A300652F71 /* ExampleFile.swift */ = {isa = PBXFileReference; lastKnownFileType = sourcecode.swift; path = ExampleFile.swift; sourceTree = "<group>"; };
		04A6557E293D24450084CC6A /* Collection.swift */ = {isa = PBXFileReference; lastKnownFileType = sourcecode.swift; path = Collection.swift; sourceTree = "<group>"; };
		04B5F3892938C1AE0088A0D9 /* Int.swift */ = {isa = PBXFileReference; fileEncoding = 4; lastKnownFileType = sourcecode.swift; path = Int.swift; sourceTree = "<group>"; };
		04B5F3B8293965F60088A0D9 /* CGPath.swift */ = {isa = PBXFileReference; lastKnownFileType = sourcecode.swift; path = CGPath.swift; sourceTree = "<group>"; };
		04B5F3BA293A16520088A0D9 /* fourier.svg */ = {isa = PBXFileReference; fileEncoding = 4; lastKnownFileType = text.xml; path = fourier.svg; sourceTree = "<group>"; };
		04BA915F26DB9FE600014C93 /* Model.swift */ = {isa = PBXFileReference; lastKnownFileType = sourcecode.swift; path = Model.swift; sourceTree = "<group>"; };
		04BA916526DBFB4400014C93 /* Fourier.swift */ = {isa = PBXFileReference; lastKnownFileType = sourcecode.swift; path = Fourier.swift; sourceTree = "<group>"; };
		04FCE2CE26D5046F001D1BE8 /* Fourier Fun.app */ = {isa = PBXFileReference; explicitFileType = wrapper.application; includeInIndex = 0; path = "Fourier Fun.app"; sourceTree = BUILT_PRODUCTS_DIR; };
		04FCE2D126D5046F001D1BE8 /* App.swift */ = {isa = PBXFileReference; lastKnownFileType = sourcecode.swift; path = App.swift; sourceTree = "<group>"; };
		04FCE2D526D50470001D1BE8 /* Assets.xcassets */ = {isa = PBXFileReference; lastKnownFileType = folder.assetcatalog; path = Assets.xcassets; sourceTree = "<group>"; };
		04FCE2DA26D50470001D1BE8 /* Info.plist */ = {isa = PBXFileReference; lastKnownFileType = text.plist.xml; path = Info.plist; sourceTree = "<group>"; };
/* End PBXFileReference section */

/* Begin PBXFrameworksBuildPhase section */
		04FCE2CB26D5046F001D1BE8 /* Frameworks */ = {
			isa = PBXFrameworksBuildPhase;
			buildActionMask = 2147483647;
			files = (
				04BA916926DC008900014C93 /* ComplexModule in Frameworks */,
				049BDA1A2C4E79DA00652F71 /* VectorPlus in Frameworks */,
			);
			runOnlyForDeploymentPostprocessing = 0;
		};
/* End PBXFrameworksBuildPhase section */

/* Begin PBXGroup section */
		049BDA1C2C4E855700652F71 /* Views */ = {
			isa = PBXGroup;
			children = (
				04FCE2D126D5046F001D1BE8 /* App.swift */,
				049BDA1E2C4E856A00652F71 /* ContentView.swift */,
				049BDA222C4E859100652F71 /* PathRenderer.swift */,
			);
			path = Views;
			sourceTree = "<group>";
		};
		049BDA1D2C4E855E00652F71 /* Models */ = {
			isa = PBXGroup;
			children = (
				046203B42C2397C400AB6BD9 /* Constants.swift */,
				049BDA242C4E85A300652F71 /* ExampleFile.swift */,
				04BA916526DBFB4400014C93 /* Fourier.swift */,
				04BA915F26DB9FE600014C93 /* Model.swift */,
			);
			path = Models;
			sourceTree = "<group>";
		};
		04A65580293D436E0084CC6A /* Extensions */ = {
			isa = PBXGroup;
			children = (
				04B5F3892938C1AE0088A0D9 /* Int.swift */,
				04B5F3B8293965F60088A0D9 /* CGPath.swift */,
				04A6557E293D24450084CC6A /* Collection.swift */,
			);
			path = Extensions;
			sourceTree = "<group>";
		};
		04B5F3882938BBA70088A0D9 /* Resources */ = {
			isa = PBXGroup;
			children = (
				04FCE2D526D50470001D1BE8 /* Assets.xcassets */,
				04B5F3BA293A16520088A0D9 /* fourier.svg */,
				046203B62C23A7EC00AB6BD9 /* pi.svg */,
				04FCE2DA26D50470001D1BE8 /* Info.plist */,
			);
			path = Resources;
			sourceTree = "<group>";
		};
		04FCE2C526D5046F001D1BE8 = {
			isa = PBXGroup;
			children = (
				04FCE2D026D5046F001D1BE8 /* FourierFun */,
				04FCE2CF26D5046F001D1BE8 /* Products */,
			);
			sourceTree = "<group>";
		};
		04FCE2CF26D5046F001D1BE8 /* Products */ = {
			isa = PBXGroup;
			children = (
				04FCE2CE26D5046F001D1BE8 /* Fourier Fun.app */,
			);
			name = Products;
			sourceTree = "<group>";
		};
		04FCE2D026D5046F001D1BE8 /* FourierFun */ = {
			isa = PBXGroup;
			children = (
				04A65580293D436E0084CC6A /* Extensions */,
				049BDA1D2C4E855E00652F71 /* Models */,
				04B5F3882938BBA70088A0D9 /* Resources */,
				049BDA1C2C4E855700652F71 /* Views */,
			);
			path = FourierFun;
			sourceTree = "<group>";
		};
/* End PBXGroup section */

/* Begin PBXNativeTarget section */
		04FCE2CD26D5046F001D1BE8 /* Fourier Fun */ = {
			isa = PBXNativeTarget;
			buildConfigurationList = 04FCE2DD26D50470001D1BE8 /* Build configuration list for PBXNativeTarget "Fourier Fun" */;
			buildPhases = (
				04FCE2CA26D5046F001D1BE8 /* Sources */,
				04FCE2CB26D5046F001D1BE8 /* Frameworks */,
				04FCE2CC26D5046F001D1BE8 /* Resources */,
			);
			buildRules = (
			);
			dependencies = (
			);
			name = "Fourier Fun";
			packageProductDependencies = (
				04BA916826DC008900014C93 /* ComplexModule */,
				049BDA192C4E79DA00652F71 /* VectorPlus */,
			);
			productName = Fourier;
			productReference = 04FCE2CE26D5046F001D1BE8 /* Fourier Fun.app */;
			productType = "com.apple.product-type.application";
		};
/* End PBXNativeTarget section */

/* Begin PBXProject section */
		04FCE2C626D5046F001D1BE8 /* Project object */ = {
			isa = PBXProject;
			attributes = {
				BuildIndependentTargetsInParallel = YES;
				LastSwiftUpdateCheck = 1250;
				LastUpgradeCheck = 2600;
				TargetAttributes = {
					04FCE2CD26D5046F001D1BE8 = {
						CreatedOnToolsVersion = 12.5.1;
					};
				};
			};
			buildConfigurationList = 04FCE2C926D5046F001D1BE8 /* Build configuration list for PBXProject "FourierFun" */;
			compatibilityVersion = "Xcode 9.3";
			developmentRegion = en;
			hasScannedForEncodings = 0;
			knownRegions = (
				en,
				Base,
			);
			mainGroup = 04FCE2C526D5046F001D1BE8;
			packageReferences = (
				04BA916726DC008800014C93 /* XCRemoteSwiftPackageReference "swift-numerics" */,
				049BDA182C4E79DA00652F71 /* XCRemoteSwiftPackageReference "VectorPlus" */,
			);
			productRefGroup = 04FCE2CF26D5046F001D1BE8 /* Products */;
			projectDirPath = "";
			projectRoot = "";
			targets = (
				04FCE2CD26D5046F001D1BE8 /* Fourier Fun */,
			);
		};
/* End PBXProject section */

/* Begin PBXResourcesBuildPhase section */
		04FCE2CC26D5046F001D1BE8 /* Resources */ = {
			isa = PBXResourcesBuildPhase;
			buildActionMask = 2147483647;
			files = (
				04FCE2D626D50470001D1BE8 /* Assets.xcassets in Resources */,
				046203B72C23A7EC00AB6BD9 /* pi.svg in Resources */,
				04B5F3BB293A16520088A0D9 /* fourier.svg in Resources */,
			);
			runOnlyForDeploymentPostprocessing = 0;
		};
/* End PBXResourcesBuildPhase section */

/* Begin PBXSourcesBuildPhase section */
		04FCE2CA26D5046F001D1BE8 /* Sources */ = {
			isa = PBXSourcesBuildPhase;
			buildActionMask = 2147483647;
			files = (
				049BDA232C4E859100652F71 /* PathRenderer.swift in Sources */,
				04BA916026DB9FE600014C93 /* Model.swift in Sources */,
				04FCE2D226D5046F001D1BE8 /* App.swift in Sources */,
				049BDA252C4E85A300652F71 /* ExampleFile.swift in Sources */,
				04A6557F293D24450084CC6A /* Collection.swift in Sources */,
				04B5F3B9293965F60088A0D9 /* CGPath.swift in Sources */,
				049BDA1F2C4E856A00652F71 /* ContentView.swift in Sources */,
				04BA916626DBFB4400014C93 /* Fourier.swift in Sources */,
				04B5F38A2938C1AE0088A0D9 /* Int.swift in Sources */,
				046203B52C2397C400AB6BD9 /* Constants.swift in Sources */,
			);
			runOnlyForDeploymentPostprocessing = 0;
		};
/* End PBXSourcesBuildPhase section */

/* Begin XCBuildConfiguration section */
		04FCE2DB26D50470001D1BE8 /* Debug */ = {
			isa = XCBuildConfiguration;
			buildSettings = {
				ALWAYS_SEARCH_USER_PATHS = NO;
				ASSETCATALOG_COMPILER_GENERATE_SWIFT_ASSET_SYMBOL_EXTENSIONS = YES;
				CLANG_ANALYZER_NONNULL = YES;
				CLANG_ANALYZER_NUMBER_OBJECT_CONVERSION = YES_AGGRESSIVE;
				CLANG_CXX_LANGUAGE_STANDARD = "gnu++14";
				CLANG_CXX_LIBRARY = "libc++";
				CLANG_ENABLE_MODULES = YES;
				CLANG_ENABLE_OBJC_ARC = YES;
				CLANG_ENABLE_OBJC_WEAK = YES;
				CLANG_WARN_BLOCK_CAPTURE_AUTORELEASING = YES;
				CLANG_WARN_BOOL_CONVERSION = YES;
				CLANG_WARN_COMMA = YES;
				CLANG_WARN_CONSTANT_CONVERSION = YES;
				CLANG_WARN_DEPRECATED_OBJC_IMPLEMENTATIONS = YES;
				CLANG_WARN_DIRECT_OBJC_ISA_USAGE = YES_ERROR;
				CLANG_WARN_DOCUMENTATION_COMMENTS = YES;
				CLANG_WARN_EMPTY_BODY = YES;
				CLANG_WARN_ENUM_CONVERSION = YES;
				CLANG_WARN_INFINITE_RECURSION = YES;
				CLANG_WARN_INT_CONVERSION = YES;
				CLANG_WARN_NON_LITERAL_NULL_CONVERSION = YES;
				CLANG_WARN_OBJC_IMPLICIT_RETAIN_SELF = YES;
				CLANG_WARN_OBJC_LITERAL_CONVERSION = YES;
				CLANG_WARN_OBJC_ROOT_CLASS = YES_ERROR;
				CLANG_WARN_QUOTED_INCLUDE_IN_FRAMEWORK_HEADER = YES;
				CLANG_WARN_RANGE_LOOP_ANALYSIS = YES;
				CLANG_WARN_STRICT_PROTOTYPES = YES;
				CLANG_WARN_SUSPICIOUS_MOVE = YES;
				CLANG_WARN_UNGUARDED_AVAILABILITY = YES_AGGRESSIVE;
				CLANG_WARN_UNREACHABLE_CODE = YES;
				CLANG_WARN__DUPLICATE_METHOD_MATCH = YES;
				COPY_PHASE_STRIP = NO;
				DEBUG_INFORMATION_FORMAT = dwarf;
				DEVELOPMENT_TEAM = 4CQW4CFFYT;
				ENABLE_STRICT_OBJC_MSGSEND = YES;
				ENABLE_TESTABILITY = YES;
				ENABLE_USER_SCRIPT_SANDBOXING = YES;
				GCC_C_LANGUAGE_STANDARD = gnu11;
				GCC_DYNAMIC_NO_PIC = NO;
				GCC_NO_COMMON_BLOCKS = YES;
				GCC_OPTIMIZATION_LEVEL = 0;
				GCC_PREPROCESSOR_DEFINITIONS = (
					"DEBUG=1",
					"$(inherited)",
				);
				GCC_WARN_64_TO_32_BIT_CONVERSION = YES;
				GCC_WARN_ABOUT_RETURN_TYPE = YES_ERROR;
				GCC_WARN_UNDECLARED_SELECTOR = YES;
				GCC_WARN_UNINITIALIZED_AUTOS = YES_AGGRESSIVE;
				GCC_WARN_UNUSED_FUNCTION = YES;
				GCC_WARN_UNUSED_VARIABLE = YES;
				IPHONEOS_DEPLOYMENT_TARGET = 16.0;
				MTL_ENABLE_DEBUG_INFO = INCLUDE_SOURCE;
				MTL_FAST_MATH = YES;
				ONLY_ACTIVE_ARCH = YES;
				SDKROOT = iphoneos;
				STRING_CATALOG_GENERATE_SYMBOLS = YES;
				SWIFT_ACTIVE_COMPILATION_CONDITIONS = DEBUG;
				SWIFT_OPTIMIZATION_LEVEL = "-Onone";
			};
			name = Debug;
		};
		04FCE2DC26D50470001D1BE8 /* Release */ = {
			isa = XCBuildConfiguration;
			buildSettings = {
				ALWAYS_SEARCH_USER_PATHS = NO;
				ASSETCATALOG_COMPILER_GENERATE_SWIFT_ASSET_SYMBOL_EXTENSIONS = YES;
				CLANG_ANALYZER_NONNULL = YES;
				CLANG_ANALYZER_NUMBER_OBJECT_CONVERSION = YES_AGGRESSIVE;
				CLANG_CXX_LANGUAGE_STANDARD = "gnu++14";
				CLANG_CXX_LIBRARY = "libc++";
				CLANG_ENABLE_MODULES = YES;
				CLANG_ENABLE_OBJC_ARC = YES;
				CLANG_ENABLE_OBJC_WEAK = YES;
				CLANG_WARN_BLOCK_CAPTURE_AUTORELEASING = YES;
				CLANG_WARN_BOOL_CONVERSION = YES;
				CLANG_WARN_COMMA = YES;
				CLANG_WARN_CONSTANT_CONVERSION = YES;
				CLANG_WARN_DEPRECATED_OBJC_IMPLEMENTATIONS = YES;
				CLANG_WARN_DIRECT_OBJC_ISA_USAGE = YES_ERROR;
				CLANG_WARN_DOCUMENTATION_COMMENTS = YES;
				CLANG_WARN_EMPTY_BODY = YES;
				CLANG_WARN_ENUM_CONVERSION = YES;
				CLANG_WARN_INFINITE_RECURSION = YES;
				CLANG_WARN_INT_CONVERSION = YES;
				CLANG_WARN_NON_LITERAL_NULL_CONVERSION = YES;
				CLANG_WARN_OBJC_IMPLICIT_RETAIN_SELF = YES;
				CLANG_WARN_OBJC_LITERAL_CONVERSION = YES;
				CLANG_WARN_OBJC_ROOT_CLASS = YES_ERROR;
				CLANG_WARN_QUOTED_INCLUDE_IN_FRAMEWORK_HEADER = YES;
				CLANG_WARN_RANGE_LOOP_ANALYSIS = YES;
				CLANG_WARN_STRICT_PROTOTYPES = YES;
				CLANG_WARN_SUSPICIOUS_MOVE = YES;
				CLANG_WARN_UNGUARDED_AVAILABILITY = YES_AGGRESSIVE;
				CLANG_WARN_UNREACHABLE_CODE = YES;
				CLANG_WARN__DUPLICATE_METHOD_MATCH = YES;
				COPY_PHASE_STRIP = NO;
				DEBUG_INFORMATION_FORMAT = "dwarf-with-dsym";
				DEVELOPMENT_TEAM = 4CQW4CFFYT;
				ENABLE_NS_ASSERTIONS = NO;
				ENABLE_STRICT_OBJC_MSGSEND = YES;
				ENABLE_USER_SCRIPT_SANDBOXING = YES;
				GCC_C_LANGUAGE_STANDARD = gnu11;
				GCC_NO_COMMON_BLOCKS = YES;
				GCC_WARN_64_TO_32_BIT_CONVERSION = YES;
				GCC_WARN_ABOUT_RETURN_TYPE = YES_ERROR;
				GCC_WARN_UNDECLARED_SELECTOR = YES;
				GCC_WARN_UNINITIALIZED_AUTOS = YES_AGGRESSIVE;
				GCC_WARN_UNUSED_FUNCTION = YES;
				GCC_WARN_UNUSED_VARIABLE = YES;
				IPHONEOS_DEPLOYMENT_TARGET = 16.0;
				MTL_ENABLE_DEBUG_INFO = NO;
				MTL_FAST_MATH = YES;
				SDKROOT = iphoneos;
				STRING_CATALOG_GENERATE_SYMBOLS = YES;
				SWIFT_COMPILATION_MODE = wholemodule;
				SWIFT_OPTIMIZATION_LEVEL = "-O";
				VALIDATE_PRODUCT = YES;
			};
			name = Release;
		};
		04FCE2DE26D50470001D1BE8 /* Debug */ = {
			isa = XCBuildConfiguration;
			buildSettings = {
				ASSETCATALOG_COMPILER_APPICON_NAME = AppIcon;
				ASSETCATALOG_COMPILER_GLOBAL_ACCENT_COLOR_NAME = AccentColor;
				CODE_SIGN_ENTITLEMENTS = "";
				CODE_SIGN_STYLE = Automatic;
				CURRENT_PROJECT_VERSION = 3;
				DEVELOPMENT_ASSET_PATHS = "";
				ENABLE_PREVIEWS = YES;
				INFOPLIST_FILE = FourierFun/Resources/Info.plist;
				INFOPLIST_KEY_CFBundleDisplayName = "Fourier Fun";
				INFOPLIST_KEY_LSApplicationCategoryType = "public.app-category.graphics-design";
				IPHONEOS_DEPLOYMENT_TARGET = 26.0;
				LD_RUNPATH_SEARCH_PATHS = (
					"$(inherited)",
					"@executable_path/Frameworks",
				);
				MARKETING_VERSION = 1.2;
				PRODUCT_BUNDLE_IDENTIFIER = JackFinnis.Fourier;
				PRODUCT_NAME = "$(TARGET_NAME)";
				SUPPORTED_PLATFORMS = "iphoneos iphonesimulator";
				SUPPORTS_MACCATALYST = NO;
				SUPPORTS_MAC_DESIGNED_FOR_IPHONE_IPAD = YES;
				SUPPORTS_XR_DESIGNED_FOR_IPHONE_IPAD = YES;
				SWIFT_VERSION = 6.0;
				TARGETED_DEVICE_FAMILY = "1,2";
			};
			name = Debug;
		};
		04FCE2DF26D50470001D1BE8 /* Release */ = {
			isa = XCBuildConfiguration;
			buildSettings = {
				ASSETCATALOG_COMPILER_APPICON_NAME = AppIcon;
				ASSETCATALOG_COMPILER_GLOBAL_ACCENT_COLOR_NAME = AccentColor;
				CODE_SIGN_ENTITLEMENTS = "";
				CODE_SIGN_STYLE = Automatic;
				CURRENT_PROJECT_VERSION = 3;
				DEVELOPMENT_ASSET_PATHS = "";
				ENABLE_PREVIEWS = YES;
				INFOPLIST_FILE = FourierFun/Resources/Info.plist;
				INFOPLIST_KEY_CFBundleDisplayName = "Fourier Fun";
				INFOPLIST_KEY_LSApplicationCategoryType = "public.app-category.graphics-design";
				IPHONEOS_DEPLOYMENT_TARGET = 26.0;
				LD_RUNPATH_SEARCH_PATHS = (
					"$(inherited)",
					"@executable_path/Frameworks",
				);
				MARKETING_VERSION = 1.2;
				PRODUCT_BUNDLE_IDENTIFIER = JackFinnis.Fourier;
				PRODUCT_NAME = "$(TARGET_NAME)";
				SUPPORTED_PLATFORMS = "iphoneos iphonesimulator";
				SUPPORTS_MACCATALYST = NO;
				SUPPORTS_MAC_DESIGNED_FOR_IPHONE_IPAD = YES;
				SUPPORTS_XR_DESIGNED_FOR_IPHONE_IPAD = YES;
				SWIFT_VERSION = 6.0;
				TARGETED_DEVICE_FAMILY = "1,2";
			};
			name = Release;
		};
/* End XCBuildConfiguration section */

/* Begin XCConfigurationList section */
		04FCE2C926D5046F001D1BE8 /* Build configuration list for PBXProject "FourierFun" */ = {
			isa = XCConfigurationList;
			buildConfigurations = (
				04FCE2DB26D50470001D1BE8 /* Debug */,
				04FCE2DC26D50470001D1BE8 /* Release */,
			);
			defaultConfigurationIsVisible = 0;
			defaultConfigurationName = Release;
		};
		04FCE2DD26D50470001D1BE8 /* Build configuration list for PBXNativeTarget "Fourier Fun" */ = {
			isa = XCConfigurationList;
			buildConfigurations = (
				04FCE2DE26D50470001D1BE8 /* Debug */,
				04FCE2DF26D50470001D1BE8 /* Release */,
			);
			defaultConfigurationIsVisible = 0;
			defaultConfigurationName = Release;
		};
/* End XCConfigurationList section */

/* Begin XCRemoteSwiftPackageReference section */
		049BDA182C4E79DA00652F71 /* XCRemoteSwiftPackageReference "VectorPlus" */ = {
			isa = XCRemoteSwiftPackageReference;
			repositoryURL = "https://github.com/richardpiazza/VectorPlus";
			requirement = {
				kind = upToNextMajorVersion;
				minimumVersion = 0.3.0;
			};
		};
		04BA916726DC008800014C93 /* XCRemoteSwiftPackageReference "swift-numerics" */ = {
			isa = XCRemoteSwiftPackageReference;
			repositoryURL = "https://github.com/apple/swift-numerics";
			requirement = {
				kind = upToNextMajorVersion;
				minimumVersion = 0.1.0;
			};
		};
/* End XCRemoteSwiftPackageReference section */

/* Begin XCSwiftPackageProductDependency section */
		049BDA192C4E79DA00652F71 /* VectorPlus */ = {
			isa = XCSwiftPackageProductDependency;
			package = 049BDA182C4E79DA00652F71 /* XCRemoteSwiftPackageReference "VectorPlus" */;
			productName = VectorPlus;
		};
		04BA916826DC008900014C93 /* ComplexModule */ = {
			isa = XCSwiftPackageProductDependency;
			package = 04BA916726DC008800014C93 /* XCRemoteSwiftPackageReference "swift-numerics" */;
			productName = ComplexModule;
		};
/* End XCSwiftPackageProductDependency section */
	};
	rootObject = 04FCE2C626D5046F001D1BE8 /* Project object */;
}
